
Microsoft Visual Studio Solution File, Format Version 11.00
# Visual Studio 2010
# SharpDevelop 4.4
Project("{FAE04EC0-301F-11D3-BF4B-00C04F79EFBC}") = "Blober", "Blober.csproj", "{34449F78-2709-42BA-9BE9-3B5C4021E913}"
EndProject
Global
	GlobalSection(SolutionConfigurationPlatforms) = preSolution
		Debug|Any CPU = Debug|Any CPU
		Release|Any CPU = Release|Any CPU
	EndGlobalSection
	GlobalSection(ProjectConfigurationPlatforms) = postSolution
		{34449F78-2709-42BA-9BE9-3B5C4021E913}.Debug|Any CPU.Build.0 = Debug|Any CPU
		{34449F78-2709-42BA-9BE9-3B5C4021E913}.Debug|Any CPU.ActiveCfg = Debug|Any CPU
		{34449F78-2709-42BA-9BE9-3B5C4021E913}.Release|Any CPU.Build.0 = Release|Any CPU
		{34449F78-2709-42BA-9BE9-3B5C4021E913}.Release|Any CPU.ActiveCfg = Release|Any CPU
	EndGlobalSection
EndGlobal
